// !$*UTF8*$!
{
	archiveVersion = 1;
	classes = {
	};
	objectVersion = 46;
	objects = {

/* Begin PBXBuildFile section */
		60AB8D8D1CF2358A00988635 /* AppDelegate.swift in Sources */ = {isa = PBXBuildFile; fileRef = 60AB8D8C1CF2358A00988635 /* AppDelegate.swift */; };
		60AB8D8F1CF2358A00988635 /* ViewController.swift in Sources */ = {isa = PBXBuildFile; fileRef = 60AB8D8E1CF2358A00988635 /* ViewController.swift */; };
		60AB8D921CF2358A00988635 /* Main.storyboard in Resources */ = {isa = PBXBuildFile; fileRef = 60AB8D901CF2358A00988635 /* Main.storyboard */; };
		60AB8D941CF2358A00988635 /* Assets.xcassets in Resources */ = {isa = PBXBuildFile; fileRef = 60AB8D931CF2358A00988635 /* Assets.xcassets */; };
		60AB8D971CF2358A00988635 /* LaunchScreen.storyboard in Resources */ = {isa = PBXBuildFile; fileRef = 60AB8D951CF2358A00988635 /* LaunchScreen.storyboard */; };
/* End PBXBuildFile section */

/* Begin PBXFileReference section */
		60AB8D891CF2358A00988635 /* PeticionServer.app */ = {isa = PBXFileReference; explicitFileType = wrapper.application; includeInIndex = 0; path = PeticionServer.app; sourceTree = BUILT_PRODUCTS_DIR; };
		60AB8D8C1CF2358A00988635 /* AppDelegate.swift */ = {isa = PBXFileReference; lastKnownFileType = sourcecode.swift; path = AppDelegate.swift; sourceTree = "<group>"; };
		60AB8D8E1CF2358A00988635 /* ViewController.swift */ = {isa = PBXFileReference; lastKnownFileType = sourcecode.swift; path = ViewController.swift; sourceTree = "<group>"; };
		60AB8D911CF2358A00988635 /* Base */ = {isa = PBXFileReference; lastKnownFileType = file.storyboard; name = Base; path = Base.lproj/Main.storyboard; sourceTree = "<group>"; };
		60AB8D931CF2358A00988635 /* Assets.xcassets */ = {isa = PBXFileReference; lastKnownFileType = folder.assetcatalog; path = Assets.xcassets; sourceTree = "<group>"; };
		60AB8D961CF2358A00988635 /* Base */ = {isa = PBXFileReference; lastKnownFileType = file.storyboard; name = Base; path = Base.lproj/LaunchScreen.storyboard; sourceTree = "<group>"; };
		60AB8D981CF2358A00988635 /* Info.plist */ = {isa = PBXFileReference; lastKnownFileType = text.plist.xml; path = Info.plist; sourceTree = "<group>"; };
/* End PBXFileReference section */

/* Begin PBXFrameworksBuildPhase section */
		60AB8D861CF2358A00988635 /* Frameworks */ = {
			isa = PBXFrameworksBuildPhase;
			buildActionMask = 2147483647;
			files = (
			);
			runOnlyForDeploymentPostprocessing = 0;
		};
/* End PBXFrameworksBuildPhase section */

/* Begin PBXGroup section */
		60AB8D801CF2358A00988635 = {
			isa = PBXGroup;
			children = (
				60AB8D8B1CF2358A00988635 /* PeticionServer */,
				60AB8D8A1CF2358A00988635 /* Products */,
			);
			sourceTree = "<group>";
		};
		60AB8D8A1CF2358A00988635 /* Products */ = {
			isa = PBXGroup;
			children = (
				60AB8D891CF2358A00988635 /* PeticionServer.app */,
			);
			name = Products;
			sourceTree = "<group>";
		};
		60AB8D8B1CF2358A00988635 /* PeticionServer */ = {
			isa = PBXGroup;
			children = (
				60AB8D8C1CF2358A00988635 /* AppDelegate.swift */,
				60AB8D8E1CF2358A00988635 /* ViewController.swift */,
				60AB8D901CF2358A00988635 /* Main.storyboard */,
				60AB8D931CF2358A00988635 /* Assets.xcassets */,
				60AB8D951CF2358A00988635 /* LaunchScreen.storyboard */,
				60AB8D981CF2358A00988635 /* Info.plist */,
			);
			path = PeticionServer;
			sourceTree = "<group>";
		};
/* End PBXGroup section */

/* Begin PBXNativeTarget section */
		60AB8D881CF2358A00988635 /* PeticionServer */ = {
			isa = PBXNativeTarget;
			buildConfigurationList = 60AB8D9B1CF2358A00988635 /* Build configuration list for PBXNativeTarget "PeticionServer" */;
			buildPhases = (
				60AB8D851CF2358A00988635 /* Sources */,
				60AB8D861CF2358A00988635 /* Frameworks */,
				60AB8D871CF2358A00988635 /* Resources */,
			);
			buildRules = (
			);
			dependencies = (
			);
			name = PeticionServer;
			productName = PeticionServer;
			productReference = 60AB8D891CF2358A00988635 /* PeticionServer.app */;
			productType = "com.apple.product-type.application";
		};
/* End PBXNativeTarget section */

/* Begin PBXProject section */
		60AB8D811CF2358A00988635 /* Project object */ = {
			isa = PBXProject;
			attributes = {
				LastSwiftUpdateCheck = 0730;
				LastUpgradeCheck = 0730;
				ORGANIZATIONNAME = ERM;
				TargetAttributes = {
					60AB8D881CF2358A00988635 = {
						CreatedOnToolsVersion = 7.3;
					};
				};
			};
			buildConfigurationList = 60AB8D841CF2358A00988635 /* Build configuration list for PBXProject "PeticionServer" */;
			compatibilityVersion = "Xcode 3.2";
			developmentRegion = English;
			hasScannedForEncodings = 0;
			knownRegions = (
				en,
				Base,
			);
			mainGroup = 60AB8D801CF2358A00988635;
			productRefGroup = 60AB8D8A1CF2358A00988635 /* Products */;
			projectDirPath = "";
			projectRoot = "";
			targets = (
				60AB8D881CF2358A00988635 /* PeticionServer */,
			);
		};
/* End PBXProject section */

/* Begin PBXResourcesBuildPhase section */
		60AB8D871CF2358A00988635 /* Resources */ = {
			isa = PBXResourcesBuildPhase;
			buildActionMask = 2147483647;
			files = (
				60AB8D971CF2358A00988635 /* LaunchScreen.storyboard in Resources */,
				60AB8D941CF2358A00988635 /* Assets.xcassets in Resources */,
				60AB8D921CF2358A00988635 /* Main.storyboard in Resources */,
			);
			runOnlyForDeploymentPostprocessing = 0;
		};
/* End PBXResourcesBuildPhase section */

/* Begin PBXSourcesBuildPhase section */
		60AB8D851CF2358A00988635 /* Sources */ = {
			isa = PBXSourcesBuildPhase;
			buildActionMask = 2147483647;
			files = (
				60AB8D8F1CF2358A00988635 /* ViewController.swift in Sources */,
				60AB8D8D1CF2358A00988635 /* AppDelegate.swift in Sources */,
			);
			runOnlyForDeploymentPostprocessing = 0;
		};
/* End PBXSourcesBuildPhase section */

/* Begin PBXVariantGroup section */
		60AB8D901CF2358A00988635 /* Main.storyboard */ = {
			isa = PBXVariantGroup;
			children = (
				60AB8D911CF2358A00988635 /* Base */,
			);
			name = Main.storyboard;
			sourceTree = "<group>";
		};
		60AB8D951CF2358A00988635 /* LaunchScreen.storyboard */ = {
			isa = PBXVariantGroup;
			children = (
				60AB8D961CF2358A00988635 /* Base */,
			);
			name = LaunchScreen.storyboard;
			sourceTree = "<group>";
		};
/* End PBXVariantGroup section */

/* Begin XCBuildConfiguration section */
		60AB8D991CF2358A00988635 /* Debug */ = {
			isa = XCBuildConfiguration;
			buildSettings = {
				ALWAYS_SEARCH_USER_PATHS = NO;
				CLANG_ANALYZER_NONNULL = YES;
				CLANG_CXX_LANGUAGE_STANDARD = "gnu++0x";
				CLANG_CXX_LIBRARY = "libc++";
				CLANG_ENABLE_MODULES = YES;
				CLANG_ENABLE_OBJC_ARC = YES;
				CLANG_WARN_BOOL_CONVERSION = YES;
				CLANG_WARN_CONSTANT_CONVERSION = YES;
				CLANG_WARN_DIRECT_OBJC_ISA_USAGE = YES_ERROR;
				CLANG_WARN_EMPTY_BODY = YES;
				CLANG_WARN_ENUM_CONVERSION = YES;
				CLANG_WARN_INT_CONVERSION = YES;
				CLANG_WARN_OBJC_ROOT_CLASS = YES_ERROR;
				CLANG_WARN_UNREACHABLE_CODE = YES;
				CLANG_WARN__DUPLICATE_METHOD_MATCH = YES;
				"CODE_SIGN_IDENTITY[sdk=iphoneos*]" = "iPhone Developer";
				COPY_PHASE_STRIP = NO;
				DEBUG_INFORMATION_FORMAT = dwarf;
				ENABLE_STRICT_OBJC_MSGSEND = YES;
				ENABLE_TESTABILITY = YES;
				GCC_C_LANGUAGE_STANDARD = gnu99;
				GCC_DYNAMIC_NO_PIC = NO;
				GCC_NO_COMMON_BLOCKS = YES;
				GCC_OPTIMIZATION_LEVEL = 0;
				GCC_PREPROCESSOR_DEFINITIONS = (
					"DEBUG=1",
					"$(inherited)",
				);
				GCC_WARN_64_TO_32_BIT_CONVERSION = YES;
				GCC_WARN_ABOUT_RETURN_TYPE = YES_ERROR;
				GCC_WARN_UNDECLARED_SELECTOR = YES;
				GCC_WARN_UNINITIALIZED_AUTOS = YES_AGGRESSIVE;
				GCC_WARN_UNUSED_FUNCTION = YES;
				GCC_WARN_UNUSED_VARIABLE = YES;
				IPHONEOS_DEPLOYMENT_TARGET = 9.3;
				MTL_ENABLE_DEBUG_INFO = YES;
				ONLY_ACTIVE_ARCH = YES;
				SDKROOT = iphoneos;
				SWIFT_OPTIMIZATION_LEVEL = "-Onone";
				TARGETED_DEVICE_FAMILY = "1,2";
			};
			name = Debug;
		};
		60AB8D9A1CF2358A00988635 /* Release */ = {
			isa = XCBuildConfiguration;
			buildSettings = {
				ALWAYS_SEARCH_USER_PATHS = NO;
				CLANG_ANALYZER_NONNULL = YES;
				CLANG_CXX_LANGUAGE_STANDARD = "gnu++0x";
				CLANG_CXX_LIBRARY = "libc++";
				CLANG_ENABLE_MODULES = YES;
				CLANG_ENABLE_OBJC_ARC = YES;
				CLANG_WARN_BOOL_CONVERSION = YES;
				CLANG_WARN_CONSTANT_CONVERSION = YES;
				CLANG_WARN_DIRECT_OBJC_ISA_USAGE = YES_ERROR;
				CLANG_WARN_EMPTY_BODY = YES;
				CLANG_WARN_ENUM_CONVERSION = YES;
				CLANG_WARN_INT_CONVERSION = YES;
				CLANG_WARN_OBJC_ROOT_CLASS = YES_ERROR;
				CLANG_WARN_UNREACHABLE_CODE = YES;
				CLANG_WARN__DUPLICATE_METHOD_MATCH = YES;
				"CODE_SIGN_IDENTITY[sdk=iphoneos*]" = "iPhone Developer";
				COPY_PHASE_STRIP = NO;
				DEBUG_INFORMATION_FORMAT = "dwarf-with-dsym";
				ENABLE_NS_ASSERTIONS = NO;
				ENABLE_STRICT_OBJC_MSGSEND = YES;
				GCC_C_LANGUAGE_STANDARD = gnu99;
				GCC_NO_COMMON_BLOCKS = YES;
				GCC_WARN_64_TO_32_BIT_CONVERSION = YES;
				GCC_WARN_ABOUT_RETURN_TYPE = YES_ERROR;
				GCC_WARN_UNDECLARED_SELECTOR = YES;
				GCC_WARN_UNINITIALIZED_AUTOS = YES_AGGRESSIVE;
				GCC_WARN_UNUSED_FUNCTION = YES;
				GCC_WARN_UNUSED_VARIABLE = YES;
				IPHONEOS_DEPLOYMENT_TARGET = 9.3;
				MTL_ENABLE_DEBUG_INFO = NO;
				SDKROOT = iphoneos;
				TARGETED_DEVICE_FAMILY = "1,2";
				VALIDATE_PRODUCT = YES;
			};
			name = Release;
		};
		60AB8D9C1CF2358A00988635 /* Debug */ = {
			isa = XCBuildConfiguration;
			buildSettings = {
				ASSETCATALOG_COMPILER_APPICON_NAME = AppIcon;
				INFOPLIST_FILE = PeticionServer/Info.plist;
				LD_RUNPATH_SEARCH_PATHS = "$(inherited) @executable_path/Frameworks";
				PRODUCT_BUNDLE_IDENTIFIER = com.ERM.PeticionServer;
				PRODUCT_NAME = "$(TARGET_NAME)";
			};
			name = Debug;
		};
		60AB8D9D1CF2358A00988635 /* Release */ = {
			isa = XCBuildConfiguration;
			buildSettings = {
				ASSETCATALOG_COMPILER_APPICON_NAME = AppIcon;
				INFOPLIST_FILE = PeticionServer/Info.plist;
				LD_RUNPATH_SEARCH_PATHS = "$(inherited) @executable_path/Frameworks";
				PRODUCT_BUNDLE_IDENTIFIER = com.ERM.PeticionServer;
				PRODUCT_NAME = "$(TARGET_NAME)";
			};
			name = Release;
		};
/* End XCBuildConfiguration section */

/* Begin XCConfigurationList section */
		60AB8D841CF2358A00988635 /* Build configuration list for PBXProject "PeticionServer" */ = {
			isa = XCConfigurationList;
			buildConfigurations = (
				60AB8D991CF2358A00988635 /* Debug */,
				60AB8D9A1CF2358A00988635 /* Release */,
			);
			defaultConfigurationIsVisible = 0;
			defaultConfigurationName = Release;
		};
		60AB8D9B1CF2358A00988635 /* Build configuration list for PBXNativeTarget "PeticionServer" */ = {
			isa = XCConfigurationList;
			buildConfigurations = (
				60AB8D9C1CF2358A00988635 /* Debug */,
				60AB8D9D1CF2358A00988635 /* Release */,
			);
			defaultConfigurationIsVisible = 0;
		};
/* End XCConfigurationList section */
	};
	rootObject = 60AB8D811CF2358A00988635 /* Project object */;
}
